
Microsoft Visual Studio Solution File, Format Version 12.00
# Visual Studio Version 17
VisualStudioVersion = 17.10.35201.131
MinimumVisualStudioVersion = 10.0.40219.1
Project("{9A19103F-16F7-4668-BE54-9A1E7A4F7556}") = "VirtualSerial", "VirtualSerial.csproj", "{C406F340-9B92-4EC1-86DE-B8F10E12DCCE}"
EndProject
Global
	GlobalSection(SolutionConfigurationPlatforms) = preSolution
		Debug|Any CPU = Debug|Any CPU
		Release|Any CPU = Release|Any CPU
	EndGlobalSection
	GlobalSection(ProjectConfigurationPlatforms) = postSolution
		{C406F340-9B92-4EC1-86DE-B8F10E12DCCE}.Debug|Any CPU.ActiveCfg = Debug|Any CPU
		{C406F340-9B92-4EC1-86DE-B8F10E12DCCE}.Debug|Any CPU.Build.0 = Debug|Any CPU
		{C406F340-9B92-4EC1-86DE-B8F10E12DCCE}.Release|Any CPU.ActiveCfg = Release|Any CPU
		{C406F340-9B92-4EC1-86DE-B8F10E12DCCE}.Release|Any CPU.Build.0 = Release|Any CPU
	EndGlobalSection
	GlobalSection(SolutionProperties) = preSolution
		HideSolutionNode = FALSE
	EndGlobalSection
	GlobalSection(ExtensibilityGlobals) = postSolution
		SolutionGuid = {324FFE2D-2B10-49E0-B0D2-BC573BF305C4}
	EndGlobalSection
EndGlobal
